# This file is generated by running "yarn install" inside your project.
# Manual changes might be lost - proceed with caution!

__metadata:
  version: 6

"connect-four@workspace:.":
  version: 0.0.0-use.local
  resolution: "connect-four@workspace:."
  bin:
    connect-four: ./bin/index.mjs
  languageName: unknown
  linkType: soft
